// !$*UTF8*$!
{
	archiveVersion = 1;
	classes = {
	};
	objectVersion = 46;
	objects = {

/* Begin PBXBuildFile section */
		253B235B1DA2CFD400203ECB /* SegueHandlerType.swift in Sources */ = {isa = PBXBuildFile; fileRef = 253B235A1DA2CFD400203ECB /* SegueHandlerType.swift */; };
		253B23621DA301F500203ECB /* lookup_amatorka.png in Resources */ = {isa = PBXBuildFile; fileRef = 253B235D1DA301F500203ECB /* lookup_amatorka.png */; };
		253B23631DA301F500203ECB /* lookup_miss_etikate.png in Resources */ = {isa = PBXBuildFile; fileRef = 253B235E1DA301F500203ECB /* lookup_miss_etikate.png */; };
		253B23641DA301F500203ECB /* lookup_soft_elegance_1.png in Resources */ = {isa = PBXBuildFile; fileRef = 253B235F1DA301F500203ECB /* lookup_soft_elegance_1.png */; };
		253B23651DA301F500203ECB /* lookup_soft_elegance_2.png in Resources */ = {isa = PBXBuildFile; fileRef = 253B23601DA301F500203ECB /* lookup_soft_elegance_2.png */; };
		253B23661DA301F500203ECB /* lookup.png in Resources */ = {isa = PBXBuildFile; fileRef = 253B23611DA301F500203ECB /* lookup.png */; };
		253B236C1DA44E3600203ECB /* FilterDescriptor.swift in Sources */ = {isa = PBXBuildFile; fileRef = 253B236B1DA44E3600203ECB /* FilterDescriptor.swift */; };
		253B236F1DA49B9A00203ECB /* SketchDescriptor.swift in Sources */ = {isa = PBXBuildFile; fileRef = 253B236E1DA49B9A00203ECB /* SketchDescriptor.swift */; };
		253B23711DA4B07200203ECB /* SolarizeDescriptor.swift in Sources */ = {isa = PBXBuildFile; fileRef = 253B23701DA4B07200203ECB /* SolarizeDescriptor.swift */; };
		253B23731DA4B09200203ECB /* CrosshatchDescriptor.swift in Sources */ = {isa = PBXBuildFile; fileRef = 253B23721DA4B09200203ECB /* CrosshatchDescriptor.swift */; };
		253B23751DA4B1A700203ECB /* PolarPixellateDescriptor.swift in Sources */ = {isa = PBXBuildFile; fileRef = 253B23741DA4B1A700203ECB /* PolarPixellateDescriptor.swift */; };
		253B23771DA4BB7800203ECB /* ClosestFraction.swift in Sources */ = {isa = PBXBuildFile; fileRef = 253B23761DA4BB7800203ECB /* ClosestFraction.swift */; };
		253B23791DA5782300203ECB /* FilterManager.swift in Sources */ = {isa = PBXBuildFile; fileRef = 253B23781DA5782300203ECB /* FilterManager.swift */; };
		253B237B1DA71F1900203ECB /* FilterSettingsView.swift in Sources */ = {isa = PBXBuildFile; fileRef = 253B237A1DA71F1900203ECB /* FilterSettingsView.swift */; };
		253B237D1DA9905900203ECB /* SaturationDescriptor.swift in Sources */ = {isa = PBXBuildFile; fileRef = 253B237C1DA9905900203ECB /* SaturationDescriptor.swift */; };
		253B237F1DA9986E00203ECB /* MonochromeDescriptor.swift in Sources */ = {isa = PBXBuildFile; fileRef = 253B237E1DA9986E00203ECB /* MonochromeDescriptor.swift */; };
		253B23811DA9988500203ECB /* SepiaDescriptor.swift in Sources */ = {isa = PBXBuildFile; fileRef = 253B23801DA9988500203ECB /* SepiaDescriptor.swift */; };
		253B23831DA9989F00203ECB /* HighlightsDescriptor.swift in Sources */ = {isa = PBXBuildFile; fileRef = 253B23821DA9989F00203ECB /* HighlightsDescriptor.swift */; };
		253B23851DA998D100203ECB /* LuminanceThresholdDescriptor.swift in Sources */ = {isa = PBXBuildFile; fileRef = 253B23841DA998D100203ECB /* LuminanceThresholdDescriptor.swift */; };
		253B23871DA998F000203ECB /* PolkaDotDescriptor.swift in Sources */ = {isa = PBXBuildFile; fileRef = 253B23861DA998F000203ECB /* PolkaDotDescriptor.swift */; };
		253B23891DA9992A00203ECB /* ThresholdSketchDescriptor.swift in Sources */ = {isa = PBXBuildFile; fileRef = 253B23881DA9992A00203ECB /* ThresholdSketchDescriptor.swift */; };
		253B238B1DA9993B00203ECB /* ToonDescriptor.swift in Sources */ = {isa = PBXBuildFile; fileRef = 253B238A1DA9993B00203ECB /* ToonDescriptor.swift */; };
		253B238D1DA9994F00203ECB /* PosterizeDescriptor.swift in Sources */ = {isa = PBXBuildFile; fileRef = 253B238C1DA9994F00203ECB /* PosterizeDescriptor.swift */; };
		253B238F1DA9996400203ECB /* EmbossDescriptor.swift in Sources */ = {isa = PBXBuildFile; fileRef = 253B238E1DA9996400203ECB /* EmbossDescriptor.swift */; };
		253B23911DA9997F00203ECB /* VignetteDescriptor.swift in Sources */ = {isa = PBXBuildFile; fileRef = 253B23901DA9997F00203ECB /* VignetteDescriptor.swift */; };
		253B23931DA999CC00203ECB /* ZoomBlurDescriptor.swift in Sources */ = {isa = PBXBuildFile; fileRef = 253B23921DA999CC00203ECB /* ZoomBlurDescriptor.swift */; };
		253B23951DA999E100203ECB /* BulgeDistortionDescriptor.swift in Sources */ = {isa = PBXBuildFile; fileRef = 253B23941DA999E100203ECB /* BulgeDistortionDescriptor.swift */; };
		253B23971DA999FF00203ECB /* GlassSphereRefractionDescriptor.swift in Sources */ = {isa = PBXBuildFile; fileRef = 253B23961DA999FF00203ECB /* GlassSphereRefractionDescriptor.swift */; };
		256974191D9B0C1B00DDF9E4 /* CameraSelection.swift in Sources */ = {isa = PBXBuildFile; fileRef = 256974181D9B0C1B00DDF9E4 /* CameraSelection.swift */; };
		2569741D1D9B986E00DDF9E4 /* Fractional.swift in Sources */ = {isa = PBXBuildFile; fileRef = 2569741C1D9B986E00DDF9E4 /* Fractional.swift */; };
		256D0FF11D98DB4C00220D7E /* CameraManager.swift in Sources */ = {isa = PBXBuildFile; fileRef = 256D0FF01D98DB4C00220D7E /* CameraManager.swift */; };
		257F49E21D9448920083B1E4 /* FilterCamViewController.swift in Sources */ = {isa = PBXBuildFile; fileRef = 257F49E11D9448920083B1E4 /* FilterCamViewController.swift */; };
		257F49E51D9448920083B1E4 /* Main.storyboard in Resources */ = {isa = PBXBuildFile; fileRef = 257F49E31D9448920083B1E4 /* Main.storyboard */; };
		257F49E71D9448920083B1E4 /* Assets.xcassets in Resources */ = {isa = PBXBuildFile; fileRef = 257F49E61D9448920083B1E4 /* Assets.xcassets */; };
		257F49EA1D9448920083B1E4 /* LaunchScreen.storyboard in Resources */ = {isa = PBXBuildFile; fileRef = 257F49E81D9448920083B1E4 /* LaunchScreen.storyboard */; };
		257F49F51D9448920083B1E4 /* FilterCamTests.swift in Sources */ = {isa = PBXBuildFile; fileRef = 257F49F41D9448920083B1E4 /* FilterCamTests.swift */; };
		257F4A001D9448920083B1E4 /* FilterCamUITests.swift in Sources */ = {isa = PBXBuildFile; fileRef = 257F49FF1D9448920083B1E4 /* FilterCamUITests.swift */; };
		257F4A141D947CF80083B1E4 /* Podfile in Resources */ = {isa = PBXBuildFile; fileRef = 257F4A131D947CF80083B1E4 /* Podfile */; };
		25CF4BD51D9490C400D779CF /* CameraControlsView.swift in Sources */ = {isa = PBXBuildFile; fileRef = 25CF4BCF1D9490C400D779CF /* CameraControlsView.swift */; };
		25CF4BD61D9490C400D779CF /* CameraDisplayView.swift in Sources */ = {isa = PBXBuildFile; fileRef = 25CF4BD01D9490C400D779CF /* CameraDisplayView.swift */; };
		25CF4BD71D9490C400D779CF /* CameraInfoView.swift in Sources */ = {isa = PBXBuildFile; fileRef = 25CF4BD11D9490C400D779CF /* CameraInfoView.swift */; };
		25CF4BD81D9490C400D779CF /* CameraSettingsView.swift in Sources */ = {isa = PBXBuildFile; fileRef = 25CF4BD21D9490C400D779CF /* CameraSettingsView.swift */; };
		25CF4BD91D9490C400D779CF /* ImageView.swift in Sources */ = {isa = PBXBuildFile; fileRef = 25CF4BD31D9490C400D779CF /* ImageView.swift */; };
		25CF4BDA1D9490C400D779CF /* SquareButton.swift in Sources */ = {isa = PBXBuildFile; fileRef = 25CF4BD41D9490C400D779CF /* SquareButton.swift */; };
		25CF4BDC1D94D93700D779CF /* AppDelegate.swift in Sources */ = {isa = PBXBuildFile; fileRef = 25CF4BDB1D94D93700D779CF /* AppDelegate.swift */; };
		25CF4BE81D94EA8100D779CF /* GPUImage.framework in Frameworks */ = {isa = PBXBuildFile; fileRef = 25CF4BE31D94EA5000D779CF /* GPUImage.framework */; };
		25CF4BE91D94EA8D00D779CF /* GPUImage.framework in CopyFiles */ = {isa = PBXBuildFile; fileRef = 25CF4BE31D94EA5000D779CF /* GPUImage.framework */; settings = {ATTRIBUTES = (CodeSignOnCopy, RemoveHeadersOnCopy, ); }; };
		25F460181D99CCCE00EDA182 /* UISettings.swift in Sources */ = {isa = PBXBuildFile; fileRef = 25F460171D99CCCE00EDA182 /* UISettings.swift */; };
		25F4601A1D99CE1E00EDA182 /* GridStyle.swift in Sources */ = {isa = PBXBuildFile; fileRef = 25F460191D99CE1E00EDA182 /* GridStyle.swift */; };
		25F4601E1D99D65F00EDA182 /* CameraISO.swift in Sources */ = {isa = PBXBuildFile; fileRef = 25F4601D1D99D65F00EDA182 /* CameraISO.swift */; };
		25F460201D99D79B00EDA182 /* AspectRatio.swift in Sources */ = {isa = PBXBuildFile; fileRef = 25F4601F1D99D79B00EDA182 /* AspectRatio.swift */; };
		25F460221D99DBBA00EDA182 /* CameraSpeed.swift in Sources */ = {isa = PBXBuildFile; fileRef = 25F460211D99DBBA00EDA182 /* CameraSpeed.swift */; };
		320B5A4E036DE6878CAF1ACE /* Pods_FilterCam.framework in Frameworks */ = {isa = PBXBuildFile; fileRef = 1DDC117A644402CB333D19D8 /* Pods_FilterCam.framework */; };
		553B7AC286E6B4A46867DE7F /* Pods_FilterCamUITests.framework in Frameworks */ = {isa = PBXBuildFile; fileRef = EC02F3DF8ABAAA172F5D6258 /* Pods_FilterCamUITests.framework */; };
		ADF2DE510AC3AFD3F452B261 /* Pods_FilterCamTests.framework in Frameworks */ = {isa = PBXBuildFile; fileRef = EA2ACADDC5179782084C15D6 /* Pods_FilterCamTests.framework */; };
/* End PBXBuildFile section */

/* Begin PBXContainerItemProxy section */
		257F49F11D9448920083B1E4 /* PBXContainerItemProxy */ = {
			isa = PBXContainerItemProxy;
			containerPortal = 257F49D41D9448920083B1E4 /* Project object */;
			proxyType = 1;
			remoteGlobalIDString = 257F49DB1D9448920083B1E4;
			remoteInfo = FilterCam;
		};
		257F49FC1D9448920083B1E4 /* PBXContainerItemProxy */ = {
			isa = PBXContainerItemProxy;
			containerPortal = 257F49D41D9448920083B1E4 /* Project object */;
			proxyType = 1;
			remoteGlobalIDString = 257F49DB1D9448920083B1E4;
			remoteInfo = FilterCam;
		};
		25CF4BE21D94EA5000D779CF /* PBXContainerItemProxy */ = {
			isa = PBXContainerItemProxy;
			containerPortal = 25CF4BDD1D94EA5000D779CF /* GPUImage-iOS.xcodeproj */;
			proxyType = 2;
			remoteGlobalIDString = BCD1B1251C66A262001F2BDC;
			remoteInfo = GPUImage;
		};
		25CF4BE41D94EA5000D779CF /* PBXContainerItemProxy */ = {
			isa = PBXContainerItemProxy;
			containerPortal = 25CF4BDD1D94EA5000D779CF /* GPUImage-iOS.xcodeproj */;
			proxyType = 2;
			remoteGlobalIDString = BCD1B12F1C66A262001F2BDC;
			remoteInfo = GPUImageTests;
		};
		25CF4BE61D94EA6800D779CF /* PBXContainerItemProxy */ = {
			isa = PBXContainerItemProxy;
			containerPortal = 25CF4BDD1D94EA5000D779CF /* GPUImage-iOS.xcodeproj */;
			proxyType = 1;
			remoteGlobalIDString = BCD1B1241C66A262001F2BDC;
			remoteInfo = GPUImage;
		};
/* End PBXContainerItemProxy section */

/* Begin PBXCopyFilesBuildPhase section */
		25CF4BC11D947FCC00D779CF /* CopyFiles */ = {
			isa = PBXCopyFilesBuildPhase;
			buildActionMask = 2147483647;
			dstPath = "";
			dstSubfolderSpec = 10;
			files = (
				25CF4BE91D94EA8D00D779CF /* GPUImage.framework in CopyFiles */,
			);
			runOnlyForDeploymentPostprocessing = 0;
		};
/* End PBXCopyFilesBuildPhase section */

/* Begin PBXFileReference section */
		139F285AF8C5B2C24479BD32 /* Pods-FilterCam.release.xcconfig */ = {isa = PBXFileReference; includeInIndex = 1; lastKnownFileType = text.xcconfig; name = "Pods-FilterCam.release.xcconfig"; path = "Pods/Target Support Files/Pods-FilterCam/Pods-FilterCam.release.xcconfig"; sourceTree = "<group>"; };
		1DDC117A644402CB333D19D8 /* Pods_FilterCam.framework */ = {isa = PBXFileReference; explicitFileType = wrapper.framework; includeInIndex = 0; path = Pods_FilterCam.framework; sourceTree = BUILT_PRODUCTS_DIR; };
		253B235A1DA2CFD400203ECB /* SegueHandlerType.swift */ = {isa = PBXFileReference; fileEncoding = 4; lastKnownFileType = sourcecode.swift; name = SegueHandlerType.swift; path = Controllers/SegueHandlerType.swift; sourceTree = "<group>"; };
		253B235D1DA301F500203ECB /* lookup_amatorka.png */ = {isa = PBXFileReference; lastKnownFileType = image.png; name = lookup_amatorka.png; path = ../../GPUImage2/framework/Source/Operations/LookupImages/lookup_amatorka.png; sourceTree = "<group>"; };
		253B235E1DA301F500203ECB /* lookup_miss_etikate.png */ = {isa = PBXFileReference; lastKnownFileType = image.png; name = lookup_miss_etikate.png; path = ../../GPUImage2/framework/Source/Operations/LookupImages/lookup_miss_etikate.png; sourceTree = "<group>"; };
		253B235F1DA301F500203ECB /* lookup_soft_elegance_1.png */ = {isa = PBXFileReference; lastKnownFileType = image.png; name = lookup_soft_elegance_1.png; path = ../../GPUImage2/framework/Source/Operations/LookupImages/lookup_soft_elegance_1.png; sourceTree = "<group>"; };
		253B23601DA301F500203ECB /* lookup_soft_elegance_2.png */ = {isa = PBXFileReference; lastKnownFileType = image.png; name = lookup_soft_elegance_2.png; path = ../../GPUImage2/framework/Source/Operations/LookupImages/lookup_soft_elegance_2.png; sourceTree = "<group>"; };
		253B23611DA301F500203ECB /* lookup.png */ = {isa = PBXFileReference; lastKnownFileType = image.png; name = lookup.png; path = ../../GPUImage2/framework/Source/Operations/LookupImages/lookup.png; sourceTree = "<group>"; };
		253B236B1DA44E3600203ECB /* FilterDescriptor.swift */ = {isa = PBXFileReference; fileEncoding = 4; lastKnownFileType = sourcecode.swift; name = FilterDescriptor.swift; path = Filters/FilterDescriptor.swift; sourceTree = "<group>"; };
		253B236E1DA49B9A00203ECB /* SketchDescriptor.swift */ = {isa = PBXFileReference; fileEncoding = 4; lastKnownFileType = sourcecode.swift; name = SketchDescriptor.swift; path = Filters/SketchDescriptor.swift; sourceTree = "<group>"; };
		253B23701DA4B07200203ECB /* SolarizeDescriptor.swift */ = {isa = PBXFileReference; fileEncoding = 4; lastKnownFileType = sourcecode.swift; name = SolarizeDescriptor.swift; path = Filters/SolarizeDescriptor.swift; sourceTree = "<group>"; };
		253B23721DA4B09200203ECB /* CrosshatchDescriptor.swift */ = {isa = PBXFileReference; fileEncoding = 4; lastKnownFileType = sourcecode.swift; name = CrosshatchDescriptor.swift; path = Filters/CrosshatchDescriptor.swift; sourceTree = "<group>"; };
		253B23741DA4B1A700203ECB /* PolarPixellateDescriptor.swift */ = {isa = PBXFileReference; fileEncoding = 4; lastKnownFileType = sourcecode.swift; name = PolarPixellateDescriptor.swift; path = Filters/PolarPixellateDescriptor.swift; sourceTree = "<group>"; };
		253B23761DA4BB7800203ECB /* ClosestFraction.swift */ = {isa = PBXFileReference; fileEncoding = 4; lastKnownFileType = sourcecode.swift; name = ClosestFraction.swift; path = Models/ClosestFraction.swift; sourceTree = "<group>"; };
		253B23781DA5782300203ECB /* FilterManager.swift */ = {isa = PBXFileReference; fileEncoding = 4; lastKnownFileType = sourcecode.swift; name = FilterManager.swift; path = Filters/FilterManager.swift; sourceTree = "<group>"; };
		253B237A1DA71F1900203ECB /* FilterSettingsView.swift */ = {isa = PBXFileReference; fileEncoding = 4; lastKnownFileType = sourcecode.swift; name = FilterSettingsView.swift; path = Views/FilterSettingsView.swift; sourceTree = "<group>"; };
		253B237C1DA9905900203ECB /* SaturationDescriptor.swift */ = {isa = PBXFileReference; fileEncoding = 4; lastKnownFileType = sourcecode.swift; name = SaturationDescriptor.swift; path = Filters/SaturationDescriptor.swift; sourceTree = "<group>"; };
		253B237E1DA9986E00203ECB /* MonochromeDescriptor.swift */ = {isa = PBXFileReference; fileEncoding = 4; lastKnownFileType = sourcecode.swift; name = MonochromeDescriptor.swift; path = Filters/MonochromeDescriptor.swift; sourceTree = "<group>"; };
		253B23801DA9988500203ECB /* SepiaDescriptor.swift */ = {isa = PBXFileReference; fileEncoding = 4; lastKnownFileType = sourcecode.swift; name = SepiaDescriptor.swift; path = Filters/SepiaDescriptor.swift; sourceTree = "<group>"; };
		253B23821DA9989F00203ECB /* HighlightsDescriptor.swift */ = {isa = PBXFileReference; fileEncoding = 4; lastKnownFileType = sourcecode.swift; name = HighlightsDescriptor.swift; path = Filters/HighlightsDescriptor.swift; sourceTree = "<group>"; };
		253B23841DA998D100203ECB /* LuminanceThresholdDescriptor.swift */ = {isa = PBXFileReference; fileEncoding = 4; lastKnownFileType = sourcecode.swift; name = LuminanceThresholdDescriptor.swift; path = Filters/LuminanceThresholdDescriptor.swift; sourceTree = "<group>"; };
		253B23861DA998F000203ECB /* PolkaDotDescriptor.swift */ = {isa = PBXFileReference; fileEncoding = 4; lastKnownFileType = sourcecode.swift; name = PolkaDotDescriptor.swift; path = Filters/PolkaDotDescriptor.swift; sourceTree = "<group>"; };
		253B23881DA9992A00203ECB /* ThresholdSketchDescriptor.swift */ = {isa = PBXFileReference; fileEncoding = 4; lastKnownFileType = sourcecode.swift; name = ThresholdSketchDescriptor.swift; path = Filters/ThresholdSketchDescriptor.swift; sourceTree = "<group>"; };
		253B238A1DA9993B00203ECB /* ToonDescriptor.swift */ = {isa = PBXFileReference; fileEncoding = 4; lastKnownFileType = sourcecode.swift; name = ToonDescriptor.swift; path = Filters/ToonDescriptor.swift; sourceTree = "<group>"; };
		253B238C1DA9994F00203ECB /* PosterizeDescriptor.swift */ = {isa = PBXFileReference; fileEncoding = 4; lastKnownFileType = sourcecode.swift; name = PosterizeDescriptor.swift; path = Filters/PosterizeDescriptor.swift; sourceTree = "<group>"; };
		253B238E1DA9996400203ECB /* EmbossDescriptor.swift */ = {isa = PBXFileReference; fileEncoding = 4; lastKnownFileType = sourcecode.swift; name = EmbossDescriptor.swift; path = Filters/EmbossDescriptor.swift; sourceTree = "<group>"; };
		253B23901DA9997F00203ECB /* VignetteDescriptor.swift */ = {isa = PBXFileReference; fileEncoding = 4; lastKnownFileType = sourcecode.swift; name = VignetteDescriptor.swift; path = Filters/VignetteDescriptor.swift; sourceTree = "<group>"; };
		253B23921DA999CC00203ECB /* ZoomBlurDescriptor.swift */ = {isa = PBXFileReference; fileEncoding = 4; lastKnownFileType = sourcecode.swift; name = ZoomBlurDescriptor.swift; path = Filters/ZoomBlurDescriptor.swift; sourceTree = "<group>"; };
		253B23941DA999E100203ECB /* BulgeDistortionDescriptor.swift */ = {isa = PBXFileReference; fileEncoding = 4; lastKnownFileType = sourcecode.swift; name = BulgeDistortionDescriptor.swift; path = Filters/BulgeDistortionDescriptor.swift; sourceTree = "<group>"; };
		253B23961DA999FF00203ECB /* GlassSphereRefractionDescriptor.swift */ = {isa = PBXFileReference; fileEncoding = 4; lastKnownFileType = sourcecode.swift; name = GlassSphereRefractionDescriptor.swift; path = Filters/GlassSphereRefractionDescriptor.swift; sourceTree = "<group>"; };
		256974181D9B0C1B00DDF9E4 /* CameraSelection.swift */ = {isa = PBXFileReference; fileEncoding = 4; lastKnownFileType = sourcecode.swift; name = CameraSelection.swift; path = Models/CameraSelection.swift; sourceTree = "<group>"; };
		2569741C1D9B986E00DDF9E4 /* Fractional.swift */ = {isa = PBXFileReference; fileEncoding = 4; lastKnownFileType = sourcecode.swift; name = Fractional.swift; path = Models/Fractional.swift; sourceTree = "<group>"; };
		256D0FF01D98DB4C00220D7E /* CameraManager.swift */ = {isa = PBXFileReference; fileEncoding = 4; lastKnownFileType = sourcecode.swift; name = CameraManager.swift; path = Models/CameraManager.swift; sourceTree = "<group>"; };
		257F49DC1D9448920083B1E4 /* FilterCam.app */ = {isa = PBXFileReference; explicitFileType = wrapper.application; includeInIndex = 0; path = FilterCam.app; sourceTree = BUILT_PRODUCTS_DIR; };
		257F49E11D9448920083B1E4 /* FilterCamViewController.swift */ = {isa = PBXFileReference; lastKnownFileType = sourcecode.swift; path = FilterCamViewController.swift; sourceTree = "<group>"; };
		257F49E41D9448920083B1E4 /* Base */ = {isa = PBXFileReference; lastKnownFileType = file.storyboard; name = Base; path = Base.lproj/Main.storyboard; sourceTree = "<group>"; };
		257F49E61D9448920083B1E4 /* Assets.xcassets */ = {isa = PBXFileReference; lastKnownFileType = folder.assetcatalog; path = Assets.xcassets; sourceTree = "<group>"; };
		257F49E91D9448920083B1E4 /* Base */ = {isa = PBXFileReference; lastKnownFileType = file.storyboard; name = Base; path = Base.lproj/LaunchScreen.storyboard; sourceTree = "<group>"; };
		257F49EB1D9448920083B1E4 /* Info.plist */ = {isa = PBXFileReference; lastKnownFileType = text.plist.xml; path = Info.plist; sourceTree = "<group>"; };
		257F49F01D9448920083B1E4 /* FilterCamTests.xctest */ = {isa = PBXFileReference; explicitFileType = wrapper.cfbundle; includeInIndex = 0; path = FilterCamTests.xctest; sourceTree = BUILT_PRODUCTS_DIR; };
		257F49F41D9448920083B1E4 /* FilterCamTests.swift */ = {isa = PBXFileReference; lastKnownFileType = sourcecode.swift; path = FilterCamTests.swift; sourceTree = "<group>"; };
		257F49F61D9448920083B1E4 /* Info.plist */ = {isa = PBXFileReference; lastKnownFileType = text.plist.xml; path = Info.plist; sourceTree = "<group>"; };
		257F49FB1D9448920083B1E4 /* FilterCamUITests.xctest */ = {isa = PBXFileReference; explicitFileType = wrapper.cfbundle; includeInIndex = 0; path = FilterCamUITests.xctest; sourceTree = BUILT_PRODUCTS_DIR; };
		257F49FF1D9448920083B1E4 /* FilterCamUITests.swift */ = {isa = PBXFileReference; lastKnownFileType = sourcecode.swift; path = FilterCamUITests.swift; sourceTree = "<group>"; };
		257F4A011D9448920083B1E4 /* Info.plist */ = {isa = PBXFileReference; lastKnownFileType = text.plist.xml; path = Info.plist; sourceTree = "<group>"; };
		257F4A131D947CF80083B1E4 /* Podfile */ = {isa = PBXFileReference; fileEncoding = 4; lastKnownFileType = text; path = Podfile; sourceTree = "<group>"; xcLanguageSpecificationIdentifier = xcode.lang.ruby; };
		25CF4BCF1D9490C400D779CF /* CameraControlsView.swift */ = {isa = PBXFileReference; fileEncoding = 4; lastKnownFileType = sourcecode.swift; name = CameraControlsView.swift; path = Views/CameraControlsView.swift; sourceTree = "<group>"; };
		25CF4BD01D9490C400D779CF /* CameraDisplayView.swift */ = {isa = PBXFileReference; fileEncoding = 4; lastKnownFileType = sourcecode.swift; name = CameraDisplayView.swift; path = Views/CameraDisplayView.swift; sourceTree = "<group>"; };
		25CF4BD11D9490C400D779CF /* CameraInfoView.swift */ = {isa = PBXFileReference; fileEncoding = 4; lastKnownFileType = sourcecode.swift; name = CameraInfoView.swift; path = Views/CameraInfoView.swift; sourceTree = "<group>"; };
		25CF4BD21D9490C400D779CF /* CameraSettingsView.swift */ = {isa = PBXFileReference; fileEncoding = 4; lastKnownFileType = sourcecode.swift; name = CameraSettingsView.swift; path = Views/CameraSettingsView.swift; sourceTree = "<group>"; };
		25CF4BD31D9490C400D779CF /* ImageView.swift */ = {isa = PBXFileReference; fileEncoding = 4; lastKnownFileType = sourcecode.swift; name = ImageView.swift; path = Views/ImageView.swift; sourceTree = "<group>"; };
		25CF4BD41D9490C400D779CF /* SquareButton.swift */ = {isa = PBXFileReference; fileEncoding = 4; lastKnownFileType = sourcecode.swift; name = SquareButton.swift; path = Views/SquareButton.swift; sourceTree = "<group>"; };
		25CF4BDB1D94D93700D779CF /* AppDelegate.swift */ = {isa = PBXFileReference; fileEncoding = 4; lastKnownFileType = sourcecode.swift; path = AppDelegate.swift; sourceTree = "<group>"; };
		25CF4BDD1D94EA5000D779CF /* GPUImage-iOS.xcodeproj */ = {isa = PBXFileReference; lastKnownFileType = "wrapper.pb-project"; name = "GPUImage-iOS.xcodeproj"; path = "../GPUImage2/framework/GPUImage-iOS.xcodeproj"; sourceTree = "<group>"; };
		25F460171D99CCCE00EDA182 /* UISettings.swift */ = {isa = PBXFileReference; fileEncoding = 4; lastKnownFileType = sourcecode.swift; name = UISettings.swift; path = Models/UISettings.swift; sourceTree = "<group>"; };
		25F460191D99CE1E00EDA182 /* GridStyle.swift */ = {isa = PBXFileReference; fileEncoding = 4; lastKnownFileType = sourcecode.swift; name = GridStyle.swift; path = Models/GridStyle.swift; sourceTree = "<group>"; };
		25F4601D1D99D65F00EDA182 /* CameraISO.swift */ = {isa = PBXFileReference; fileEncoding = 4; lastKnownFileType = sourcecode.swift; name = CameraISO.swift; path = Models/CameraISO.swift; sourceTree = "<group>"; };
		25F4601F1D99D79B00EDA182 /* AspectRatio.swift */ = {isa = PBXFileReference; fileEncoding = 4; lastKnownFileType = sourcecode.swift; name = AspectRatio.swift; path = Models/AspectRatio.swift; sourceTree = "<group>"; };
		25F460211D99DBBA00EDA182 /* CameraSpeed.swift */ = {isa = PBXFileReference; fileEncoding = 4; lastKnownFileType = sourcecode.swift; name = CameraSpeed.swift; path = Models/CameraSpeed.swift; sourceTree = "<group>"; };
		382358EB20863648A6D9C297 /* Pods-FilterCamUITests.release.xcconfig */ = {isa = PBXFileReference; includeInIndex = 1; lastKnownFileType = text.xcconfig; name = "Pods-FilterCamUITests.release.xcconfig"; path = "Pods/Target Support Files/Pods-FilterCamUITests/Pods-FilterCamUITests.release.xcconfig"; sourceTree = "<group>"; };
		48EDC44D2D28292F9E9F3121 /* Pods-FilterCamTests.release.xcconfig */ = {isa = PBXFileReference; includeInIndex = 1; lastKnownFileType = text.xcconfig; name = "Pods-FilterCamTests.release.xcconfig"; path = "Pods/Target Support Files/Pods-FilterCamTests/Pods-FilterCamTests.release.xcconfig"; sourceTree = "<group>"; };
		5CEF3CB7DD1C04D9EBA3B1FD /* Pods-FilterCamTests.debug.xcconfig */ = {isa = PBXFileReference; includeInIndex = 1; lastKnownFileType = text.xcconfig; name = "Pods-FilterCamTests.debug.xcconfig"; path = "Pods/Target Support Files/Pods-FilterCamTests/Pods-FilterCamTests.debug.xcconfig"; sourceTree = "<group>"; };
		BC04C590E3C8A8781EA4978B /* Pods-FilterCam.debug.xcconfig */ = {isa = PBXFileReference; includeInIndex = 1; lastKnownFileType = text.xcconfig; name = "Pods-FilterCam.debug.xcconfig"; path = "Pods/Target Support Files/Pods-FilterCam/Pods-FilterCam.debug.xcconfig"; sourceTree = "<group>"; };
		D4779EC8F7F18A442BA04162 /* Pods-FilterCamUITests.debug.xcconfig */ = {isa = PBXFileReference; includeInIndex = 1; lastKnownFileType = text.xcconfig; name = "Pods-FilterCamUITests.debug.xcconfig"; path = "Pods/Target Support Files/Pods-FilterCamUITests/Pods-FilterCamUITests.debug.xcconfig"; sourceTree = "<group>"; };
		EA2ACADDC5179782084C15D6 /* Pods_FilterCamTests.framework */ = {isa = PBXFileReference; explicitFileType = wrapper.framework; includeInIndex = 0; path = Pods_FilterCamTests.framework; sourceTree = BUILT_PRODUCTS_DIR; };
		EC02F3DF8ABAAA172F5D6258 /* Pods_FilterCamUITests.framework */ = {isa = PBXFileReference; explicitFileType = wrapper.framework; includeInIndex = 0; path = Pods_FilterCamUITests.framework; sourceTree = BUILT_PRODUCTS_DIR; };
/* End PBXFileReference section */

/* Begin PBXFrameworksBuildPhase section */
		257F49D91D9448920083B1E4 /* Frameworks */ = {
			isa = PBXFrameworksBuildPhase;
			buildActionMask = 2147483647;
			files = (
				25CF4BE81D94EA8100D779CF /* GPUImage.framework in Frameworks */,
				320B5A4E036DE6878CAF1ACE /* Pods_FilterCam.framework in Frameworks */,
			);
			runOnlyForDeploymentPostprocessing = 0;
		};
		257F49ED1D9448920083B1E4 /* Frameworks */ = {
			isa = PBXFrameworksBuildPhase;
			buildActionMask = 2147483647;
			files = (
				ADF2DE510AC3AFD3F452B261 /* Pods_FilterCamTests.framework in Frameworks */,
			);
			runOnlyForDeploymentPostprocessing = 0;
		};
		257F49F81D9448920083B1E4 /* Frameworks */ = {
			isa = PBXFrameworksBuildPhase;
			buildActionMask = 2147483647;
			files = (
				553B7AC286E6B4A46867DE7F /* Pods_FilterCamUITests.framework in Frameworks */,
			);
			runOnlyForDeploymentPostprocessing = 0;
		};
/* End PBXFrameworksBuildPhase section */

/* Begin PBXGroup section */
		253B236D1DA44E4D00203ECB /* Filters */ = {
			isa = PBXGroup;
			children = (
				253B23941DA999E100203ECB /* BulgeDistortionDescriptor.swift */,
				253B23721DA4B09200203ECB /* CrosshatchDescriptor.swift */,
				253B238E1DA9996400203ECB /* EmbossDescriptor.swift */,
				253B236B1DA44E3600203ECB /* FilterDescriptor.swift */,
				253B23781DA5782300203ECB /* FilterManager.swift */,
				253B23961DA999FF00203ECB /* GlassSphereRefractionDescriptor.swift */,
				253B23821DA9989F00203ECB /* HighlightsDescriptor.swift */,
				253B23841DA998D100203ECB /* LuminanceThresholdDescriptor.swift */,
				253B237E1DA9986E00203ECB /* MonochromeDescriptor.swift */,
				253B23741DA4B1A700203ECB /* PolarPixellateDescriptor.swift */,
				253B23861DA998F000203ECB /* PolkaDotDescriptor.swift */,
				253B238C1DA9994F00203ECB /* PosterizeDescriptor.swift */,
				253B237C1DA9905900203ECB /* SaturationDescriptor.swift */,
				253B23801DA9988500203ECB /* SepiaDescriptor.swift */,
				253B236E1DA49B9A00203ECB /* SketchDescriptor.swift */,
				253B23701DA4B07200203ECB /* SolarizeDescriptor.swift */,
				253B23881DA9992A00203ECB /* ThresholdSketchDescriptor.swift */,
				253B238A1DA9993B00203ECB /* ToonDescriptor.swift */,
				253B23901DA9997F00203ECB /* VignetteDescriptor.swift */,
				253B23921DA999CC00203ECB /* ZoomBlurDescriptor.swift */,
			);
			name = Filters;
			sourceTree = "<group>";
		};
		256D0FEC1D98DAC600220D7E /* Views */ = {
			isa = PBXGroup;
			children = (
				25CF4BCF1D9490C400D779CF /* CameraControlsView.swift */,
				25CF4BD01D9490C400D779CF /* CameraDisplayView.swift */,
				25CF4BD11D9490C400D779CF /* CameraInfoView.swift */,
				253B237A1DA71F1900203ECB /* FilterSettingsView.swift */,
				25CF4BD21D9490C400D779CF /* CameraSettingsView.swift */,
				25CF4BD31D9490C400D779CF /* ImageView.swift */,
				25CF4BD41D9490C400D779CF /* SquareButton.swift */,
			);
			name = Views;
			sourceTree = "<group>";
		};
		256D0FEE1D98DAD100220D7E /* Models */ = {
			isa = PBXGroup;
			children = (
				256D0FF01D98DB4C00220D7E /* CameraManager.swift */,
				25F4601F1D99D79B00EDA182 /* AspectRatio.swift */,
				25F460171D99CCCE00EDA182 /* UISettings.swift */,
				25F460191D99CE1E00EDA182 /* GridStyle.swift */,
				25F4601D1D99D65F00EDA182 /* CameraISO.swift */,
				25F460211D99DBBA00EDA182 /* CameraSpeed.swift */,
				256974181D9B0C1B00DDF9E4 /* CameraSelection.swift */,
				2569741C1D9B986E00DDF9E4 /* Fractional.swift */,
				253B23761DA4BB7800203ECB /* ClosestFraction.swift */,
			);
			name = Models;
			sourceTree = "<group>";
		};
		256D0FEF1D98DADA00220D7E /* Controllers */ = {
			isa = PBXGroup;
			children = (
				253B235A1DA2CFD400203ECB /* SegueHandlerType.swift */,
			);
			name = Controllers;
			sourceTree = "<group>";
		};
		257F49D31D9448920083B1E4 = {
			isa = PBXGroup;
			children = (
				25CF4BDD1D94EA5000D779CF /* GPUImage-iOS.xcodeproj */,
				257F4A131D947CF80083B1E4 /* Podfile */,
				257F49DE1D9448920083B1E4 /* FilterCam */,
				257F49F31D9448920083B1E4 /* FilterCamTests */,
				257F49FE1D9448920083B1E4 /* FilterCamUITests */,
				257F49DD1D9448920083B1E4 /* Products */,
				6C88830DD3BA5EE9E1768A0E /* Pods */,
				6DAB93DA78696DFB7203E582 /* Frameworks */,
			);
			sourceTree = "<group>";
		};
		257F49DD1D9448920083B1E4 /* Products */ = {
			isa = PBXGroup;
			children = (
				257F49DC1D9448920083B1E4 /* FilterCam.app */,
				257F49F01D9448920083B1E4 /* FilterCamTests.xctest */,
				257F49FB1D9448920083B1E4 /* FilterCamUITests.xctest */,
			);
			name = Products;
			sourceTree = "<group>";
		};
		257F49DE1D9448920083B1E4 /* FilterCam */ = {
			isa = PBXGroup;
			children = (
				256D0FEF1D98DADA00220D7E /* Controllers */,
				256D0FEE1D98DAD100220D7E /* Models */,
				256D0FEC1D98DAC600220D7E /* Views */,
				25CF4BDB1D94D93700D779CF /* AppDelegate.swift */,
				257F49E11D9448920083B1E4 /* FilterCamViewController.swift */,
				257F49E31D9448920083B1E4 /* Main.storyboard */,
				257F49E61D9448920083B1E4 /* Assets.xcassets */,
				253B235D1DA301F500203ECB /* lookup_amatorka.png */,
				253B235E1DA301F500203ECB /* lookup_miss_etikate.png */,
				253B235F1DA301F500203ECB /* lookup_soft_elegance_1.png */,
				253B23601DA301F500203ECB /* lookup_soft_elegance_2.png */,
				253B23611DA301F500203ECB /* lookup.png */,
				257F49E81D9448920083B1E4 /* LaunchScreen.storyboard */,
				257F49EB1D9448920083B1E4 /* Info.plist */,
				253B236D1DA44E4D00203ECB /* Filters */,
			);
			path = FilterCam;
			sourceTree = "<group>";
		};
		257F49F31D9448920083B1E4 /* FilterCamTests */ = {
			isa = PBXGroup;
			children = (
				257F49F41D9448920083B1E4 /* FilterCamTests.swift */,
				257F49F61D9448920083B1E4 /* Info.plist */,
			);
			path = FilterCamTests;
			sourceTree = "<group>";
		};
		257F49FE1D9448920083B1E4 /* FilterCamUITests */ = {
			isa = PBXGroup;
			children = (
				257F49FF1D9448920083B1E4 /* FilterCamUITests.swift */,
				257F4A011D9448920083B1E4 /* Info.plist */,
			);
			path = FilterCamUITests;
			sourceTree = "<group>";
		};
		25CF4BDE1D94EA5000D779CF /* Products */ = {
			isa = PBXGroup;
			children = (
				25CF4BE31D94EA5000D779CF /* GPUImage.framework */,
				25CF4BE51D94EA5000D779CF /* GPUImageTests.xctest */,
			);
			name = Products;
			sourceTree = "<group>";
		};
		6C88830DD3BA5EE9E1768A0E /* Pods */ = {
			isa = PBXGroup;
			children = (
				BC04C590E3C8A8781EA4978B /* Pods-FilterCam.debug.xcconfig */,
				139F285AF8C5B2C24479BD32 /* Pods-FilterCam.release.xcconfig */,
				5CEF3CB7DD1C04D9EBA3B1FD /* Pods-FilterCamTests.debug.xcconfig */,
				48EDC44D2D28292F9E9F3121 /* Pods-FilterCamTests.release.xcconfig */,
				D4779EC8F7F18A442BA04162 /* Pods-FilterCamUITests.debug.xcconfig */,
				382358EB20863648A6D9C297 /* Pods-FilterCamUITests.release.xcconfig */,
			);
			name = Pods;
			sourceTree = "<group>";
		};
		6DAB93DA78696DFB7203E582 /* Frameworks */ = {
			isa = PBXGroup;
			children = (
				1DDC117A644402CB333D19D8 /* Pods_FilterCam.framework */,
				EA2ACADDC5179782084C15D6 /* Pods_FilterCamTests.framework */,
				EC02F3DF8ABAAA172F5D6258 /* Pods_FilterCamUITests.framework */,
			);
			name = Frameworks;
			sourceTree = "<group>";
		};
/* End PBXGroup section */

/* Begin PBXNativeTarget section */
		257F49DB1D9448920083B1E4 /* FilterCam */ = {
			isa = PBXNativeTarget;
			buildConfigurationList = 257F4A041D9448920083B1E4 /* Build configuration list for PBXNativeTarget "FilterCam" */;
			buildPhases = (
				5F9B8BDF4E5DB926F5F8DC2D /* [CP] Check Pods Manifest.lock */,
				257F49D81D9448920083B1E4 /* Sources */,
				257F49D91D9448920083B1E4 /* Frameworks */,
				257F49DA1D9448920083B1E4 /* Resources */,
				B6E490EBC83C5D96A25031D7 /* [CP] Embed Pods Frameworks */,
				1B28E6FD9CC98D8DA51BBCF5 /* [CP] Copy Pods Resources */,
				25CF4BC11D947FCC00D779CF /* CopyFiles */,
			);
			buildRules = (
			);
			dependencies = (
				25CF4BE71D94EA6800D779CF /* PBXTargetDependency */,
			);
			name = FilterCam;
			productName = FilterCam;
			productReference = 257F49DC1D9448920083B1E4 /* FilterCam.app */;
			productType = "com.apple.product-type.application";
		};
		257F49EF1D9448920083B1E4 /* FilterCamTests */ = {
			isa = PBXNativeTarget;
			buildConfigurationList = 257F4A071D9448920083B1E4 /* Build configuration list for PBXNativeTarget "FilterCamTests" */;
			buildPhases = (
				9CBD2D05481C456EC759FA11 /* [CP] Check Pods Manifest.lock */,
				257F49EC1D9448920083B1E4 /* Sources */,
				257F49ED1D9448920083B1E4 /* Frameworks */,
				257F49EE1D9448920083B1E4 /* Resources */,
				0D417EFBBE83BC657FE54F03 /* [CP] Embed Pods Frameworks */,
				0E3BD0376FE1812C0E967356 /* [CP] Copy Pods Resources */,
			);
			buildRules = (
			);
			dependencies = (
				257F49F21D9448920083B1E4 /* PBXTargetDependency */,
			);
			name = FilterCamTests;
			productName = FilterCamTests;
			productReference = 257F49F01D9448920083B1E4 /* FilterCamTests.xctest */;
			productType = "com.apple.product-type.bundle.unit-test";
		};
		257F49FA1D9448920083B1E4 /* FilterCamUITests */ = {
			isa = PBXNativeTarget;
			buildConfigurationList = 257F4A0A1D9448920083B1E4 /* Build configuration list for PBXNativeTarget "FilterCamUITests" */;
			buildPhases = (
				EDA72A91556A564F76844363 /* [CP] Check Pods Manifest.lock */,
				257F49F71D9448920083B1E4 /* Sources */,
				257F49F81D9448920083B1E4 /* Frameworks */,
				257F49F91D9448920083B1E4 /* Resources */,
				D323E9A77C4589A1B810939F /* [CP] Copy Pods Resources */,
			);
			buildRules = (
			);
			dependencies = (
				257F49FD1D9448920083B1E4 /* PBXTargetDependency */,
			);
			name = FilterCamUITests;
			productName = FilterCamUITests;
			productReference = 257F49FB1D9448920083B1E4 /* FilterCamUITests.xctest */;
			productType = "com.apple.product-type.bundle.ui-testing";
		};
/* End PBXNativeTarget section */

/* Begin PBXProject section */
		257F49D41D9448920083B1E4 /* Project object */ = {
			isa = PBXProject;
			attributes = {
				LastSwiftUpdateCheck = 0800;
				LastUpgradeCheck = 0800;
				ORGANIZATIONNAME = Nateemma;
				TargetAttributes = {
					257F49DB1D9448920083B1E4 = {
						CreatedOnToolsVersion = 8.0;
						DevelopmentTeam = R27PD7337M;
						LastSwiftMigration = 0800;
						ProvisioningStyle = Automatic;
					};
					257F49EF1D9448920083B1E4 = {
						CreatedOnToolsVersion = 8.0;
						LastSwiftMigration = 0800;
						ProvisioningStyle = Automatic;
						TestTargetID = 257F49DB1D9448920083B1E4;
					};
					257F49FA1D9448920083B1E4 = {
						CreatedOnToolsVersion = 8.0;
						LastSwiftMigration = 0800;
						ProvisioningStyle = Automatic;
						TestTargetID = 257F49DB1D9448920083B1E4;
					};
				};
			};
			buildConfigurationList = 257F49D71D9448920083B1E4 /* Build configuration list for PBXProject "FilterCam" */;
			compatibilityVersion = "Xcode 3.2";
			developmentRegion = English;
			hasScannedForEncodings = 0;
			knownRegions = (
				en,
				Base,
			);
			mainGroup = 257F49D31D9448920083B1E4;
			productRefGroup = 257F49DD1D9448920083B1E4 /* Products */;
			projectDirPath = "";
			projectReferences = (
				{
					ProductGroup = 25CF4BDE1D94EA5000D779CF /* Products */;
					ProjectRef = 25CF4BDD1D94EA5000D779CF /* GPUImage-iOS.xcodeproj */;
				},
			);
			projectRoot = "";
			targets = (
				257F49DB1D9448920083B1E4 /* FilterCam */,
				257F49EF1D9448920083B1E4 /* FilterCamTests */,
				257F49FA1D9448920083B1E4 /* FilterCamUITests */,
			);
		};
/* End PBXProject section */

/* Begin PBXReferenceProxy section */
		25CF4BE31D94EA5000D779CF /* GPUImage.framework */ = {
			isa = PBXReferenceProxy;
			fileType = wrapper.framework;
			path = GPUImage.framework;
			remoteRef = 25CF4BE21D94EA5000D779CF /* PBXContainerItemProxy */;
			sourceTree = BUILT_PRODUCTS_DIR;
		};
		25CF4BE51D94EA5000D779CF /* GPUImageTests.xctest */ = {
			isa = PBXReferenceProxy;
			fileType = wrapper.cfbundle;
			path = GPUImageTests.xctest;
			remoteRef = 25CF4BE41D94EA5000D779CF /* PBXContainerItemProxy */;
			sourceTree = BUILT_PRODUCTS_DIR;
		};
/* End PBXReferenceProxy section */

/* Begin PBXResourcesBuildPhase section */
		257F49DA1D9448920083B1E4 /* Resources */ = {
			isa = PBXResourcesBuildPhase;
			buildActionMask = 2147483647;
			files = (
				253B23641DA301F500203ECB /* lookup_soft_elegance_1.png in Resources */,
				253B23621DA301F500203ECB /* lookup_amatorka.png in Resources */,
				257F49EA1D9448920083B1E4 /* LaunchScreen.storyboard in Resources */,
				257F49E71D9448920083B1E4 /* Assets.xcassets in Resources */,
				257F4A141D947CF80083B1E4 /* Podfile in Resources */,
				257F49E51D9448920083B1E4 /* Main.storyboard in Resources */,
				253B23661DA301F500203ECB /* lookup.png in Resources */,
				253B23651DA301F500203ECB /* lookup_soft_elegance_2.png in Resources */,
				253B23631DA301F500203ECB /* lookup_miss_etikate.png in Resources */,
			);
			runOnlyForDeploymentPostprocessing = 0;
		};
		257F49EE1D9448920083B1E4 /* Resources */ = {
			isa = PBXResourcesBuildPhase;
			buildActionMask = 2147483647;
			files = (
			);
			runOnlyForDeploymentPostprocessing = 0;
		};
		257F49F91D9448920083B1E4 /* Resources */ = {
			isa = PBXResourcesBuildPhase;
			buildActionMask = 2147483647;
			files = (
			);
			runOnlyForDeploymentPostprocessing = 0;
		};
/* End PBXResourcesBuildPhase section */

/* Begin PBXShellScriptBuildPhase section */
		0D417EFBBE83BC657FE54F03 /* [CP] Embed Pods Frameworks */ = {
			isa = PBXShellScriptBuildPhase;
			buildActionMask = 2147483647;
			files = (
			);
			inputPaths = (
			);
			name = "[CP] Embed Pods Frameworks";
			outputPaths = (
			);
			runOnlyForDeploymentPostprocessing = 0;
			shellPath = /bin/sh;
			shellScript = "\"${SRCROOT}/Pods/Target Support Files/Pods-FilterCamTests/Pods-FilterCamTests-frameworks.sh\"\n";
			showEnvVarsInLog = 0;
		};
		0E3BD0376FE1812C0E967356 /* [CP] Copy Pods Resources */ = {
			isa = PBXShellScriptBuildPhase;
			buildActionMask = 2147483647;
			files = (
			);
			inputPaths = (
			);
			name = "[CP] Copy Pods Resources";
			outputPaths = (
			);
			runOnlyForDeploymentPostprocessing = 0;
			shellPath = /bin/sh;
			shellScript = "\"${SRCROOT}/Pods/Target Support Files/Pods-FilterCamTests/Pods-FilterCamTests-resources.sh\"\n";
			showEnvVarsInLog = 0;
		};
		1B28E6FD9CC98D8DA51BBCF5 /* [CP] Copy Pods Resources */ = {
			isa = PBXShellScriptBuildPhase;
			buildActionMask = 2147483647;
			files = (
			);
			inputPaths = (
			);
			name = "[CP] Copy Pods Resources";
			outputPaths = (
			);
			runOnlyForDeploymentPostprocessing = 0;
			shellPath = /bin/sh;
			shellScript = "\"${SRCROOT}/Pods/Target Support Files/Pods-FilterCam/Pods-FilterCam-resources.sh\"\n";
			showEnvVarsInLog = 0;
		};
		5F9B8BDF4E5DB926F5F8DC2D /* [CP] Check Pods Manifest.lock */ = {
			isa = PBXShellScriptBuildPhase;
			buildActionMask = 2147483647;
			files = (
			);
			inputPaths = (
			);
			name = "[CP] Check Pods Manifest.lock";
			outputPaths = (
			);
			runOnlyForDeploymentPostprocessing = 0;
			shellPath = /bin/sh;
			shellScript = "diff \"${PODS_ROOT}/../Podfile.lock\" \"${PODS_ROOT}/Manifest.lock\" > /dev/null\nif [[ $? != 0 ]] ; then\n    cat << EOM\nerror: The sandbox is not in sync with the Podfile.lock. Run 'pod install' or update your CocoaPods installation.\nEOM\n    exit 1\nfi\n";
			showEnvVarsInLog = 0;
		};
		9CBD2D05481C456EC759FA11 /* [CP] Check Pods Manifest.lock */ = {
			isa = PBXShellScriptBuildPhase;
			buildActionMask = 2147483647;
			files = (
			);
			inputPaths = (
			);
			name = "[CP] Check Pods Manifest.lock";
			outputPaths = (
			);
			runOnlyForDeploymentPostprocessing = 0;
			shellPath = /bin/sh;
			shellScript = "diff \"${PODS_ROOT}/../Podfile.lock\" \"${PODS_ROOT}/Manifest.lock\" > /dev/null\nif [[ $? != 0 ]] ; then\n    cat << EOM\nerror: The sandbox is not in sync with the Podfile.lock. Run 'pod install' or update your CocoaPods installation.\nEOM\n    exit 1\nfi\n";
			showEnvVarsInLog = 0;
		};
		B6E490EBC83C5D96A25031D7 /* [CP] Embed Pods Frameworks */ = {
			isa = PBXShellScriptBuildPhase;
			buildActionMask = 2147483647;
			files = (
			);
			inputPaths = (
			);
			name = "[CP] Embed Pods Frameworks";
			outputPaths = (
			);
			runOnlyForDeploymentPostprocessing = 0;
			shellPath = /bin/sh;
			shellScript = "\"${SRCROOT}/Pods/Target Support Files/Pods-FilterCam/Pods-FilterCam-frameworks.sh\"\n";
			showEnvVarsInLog = 0;
		};
		D323E9A77C4589A1B810939F /* [CP] Copy Pods Resources */ = {
			isa = PBXShellScriptBuildPhase;
			buildActionMask = 2147483647;
			files = (
			);
			inputPaths = (
			);
			name = "[CP] Copy Pods Resources";
			outputPaths = (
			);
			runOnlyForDeploymentPostprocessing = 0;
			shellPath = /bin/sh;
			shellScript = "\"${SRCROOT}/Pods/Target Support Files/Pods-FilterCamUITests/Pods-FilterCamUITests-resources.sh\"\n";
			showEnvVarsInLog = 0;
		};
		EDA72A91556A564F76844363 /* [CP] Check Pods Manifest.lock */ = {
			isa = PBXShellScriptBuildPhase;
			buildActionMask = 2147483647;
			files = (
			);
			inputPaths = (
			);
			name = "[CP] Check Pods Manifest.lock";
			outputPaths = (
			);
			runOnlyForDeploymentPostprocessing = 0;
			shellPath = /bin/sh;
			shellScript = "diff \"${PODS_ROOT}/../Podfile.lock\" \"${PODS_ROOT}/Manifest.lock\" > /dev/null\nif [[ $? != 0 ]] ; then\n    cat << EOM\nerror: The sandbox is not in sync with the Podfile.lock. Run 'pod install' or update your CocoaPods installation.\nEOM\n    exit 1\nfi\n";
			showEnvVarsInLog = 0;
		};
/* End PBXShellScriptBuildPhase section */

/* Begin PBXSourcesBuildPhase section */
		257F49D81D9448920083B1E4 /* Sources */ = {
			isa = PBXSourcesBuildPhase;
			buildActionMask = 2147483647;
			files = (
				25CF4BDC1D94D93700D779CF /* AppDelegate.swift in Sources */,
				253B238F1DA9996400203ECB /* EmbossDescriptor.swift in Sources */,
				253B23771DA4BB7800203ECB /* ClosestFraction.swift in Sources */,
				25F460201D99D79B00EDA182 /* AspectRatio.swift in Sources */,
				253B237B1DA71F1900203ECB /* FilterSettingsView.swift in Sources */,
				25F460221D99DBBA00EDA182 /* CameraSpeed.swift in Sources */,
				253B23711DA4B07200203ECB /* SolarizeDescriptor.swift in Sources */,
				25CF4BD61D9490C400D779CF /* CameraDisplayView.swift in Sources */,
				256974191D9B0C1B00DDF9E4 /* CameraSelection.swift in Sources */,
				25CF4BDA1D9490C400D779CF /* SquareButton.swift in Sources */,
				25F4601E1D99D65F00EDA182 /* CameraISO.swift in Sources */,
				253B23851DA998D100203ECB /* LuminanceThresholdDescriptor.swift in Sources */,
				257F49E21D9448920083B1E4 /* FilterCamViewController.swift in Sources */,
				253B23831DA9989F00203ECB /* HighlightsDescriptor.swift in Sources */,
				253B23731DA4B09200203ECB /* CrosshatchDescriptor.swift in Sources */,
				253B23911DA9997F00203ECB /* VignetteDescriptor.swift in Sources */,
				253B23951DA999E100203ECB /* BulgeDistortionDescriptor.swift in Sources */,
				253B23751DA4B1A700203ECB /* PolarPixellateDescriptor.swift in Sources */,
				253B236F1DA49B9A00203ECB /* SketchDescriptor.swift in Sources */,
				253B23871DA998F000203ECB /* PolkaDotDescriptor.swift in Sources */,
				253B237F1DA9986E00203ECB /* MonochromeDescriptor.swift in Sources */,
				253B23931DA999CC00203ECB /* ZoomBlurDescriptor.swift in Sources */,
				25F460181D99CCCE00EDA182 /* UISettings.swift in Sources */,
				253B23811DA9988500203ECB /* SepiaDescriptor.swift in Sources */,
				256D0FF11D98DB4C00220D7E /* CameraManager.swift in Sources */,
				25CF4BD51D9490C400D779CF /* CameraControlsView.swift in Sources */,
				25CF4BD81D9490C400D779CF /* CameraSettingsView.swift in Sources */,
				253B238D1DA9994F00203ECB /* PosterizeDescriptor.swift in Sources */,
				25CF4BD91D9490C400D779CF /* ImageView.swift in Sources */,
				25CF4BD71D9490C400D779CF /* CameraInfoView.swift in Sources */,
				2569741D1D9B986E00DDF9E4 /* Fractional.swift in Sources */,
				253B237D1DA9905900203ECB /* SaturationDescriptor.swift in Sources */,
				253B23971DA999FF00203ECB /* GlassSphereRefractionDescriptor.swift in Sources */,
				253B238B1DA9993B00203ECB /* ToonDescriptor.swift in Sources */,
				253B235B1DA2CFD400203ECB /* SegueHandlerType.swift in Sources */,
				25F4601A1D99CE1E00EDA182 /* GridStyle.swift in Sources */,
				253B236C1DA44E3600203ECB /* FilterDescriptor.swift in Sources */,
				253B23791DA5782300203ECB /* FilterManager.swift in Sources */,
				253B23891DA9992A00203ECB /* ThresholdSketchDescriptor.swift in Sources */,
			);
			runOnlyForDeploymentPostprocessing = 0;
		};
		257F49EC1D9448920083B1E4 /* Sources */ = {
			isa = PBXSourcesBuildPhase;
			buildActionMask = 2147483647;
			files = (
				257F49F51D9448920083B1E4 /* FilterCamTests.swift in Sources */,
			);
			runOnlyForDeploymentPostprocessing = 0;
		};
		257F49F71D9448920083B1E4 /* Sources */ = {
			isa = PBXSourcesBuildPhase;
			buildActionMask = 2147483647;
			files = (
				257F4A001D9448920083B1E4 /* FilterCamUITests.swift in Sources */,
			);
			runOnlyForDeploymentPostprocessing = 0;
		};
/* End PBXSourcesBuildPhase section */

/* Begin PBXTargetDependency section */
		257F49F21D9448920083B1E4 /* PBXTargetDependency */ = {
			isa = PBXTargetDependency;
			target = 257F49DB1D9448920083B1E4 /* FilterCam */;
			targetProxy = 257F49F11D9448920083B1E4 /* PBXContainerItemProxy */;
		};
		257F49FD1D9448920083B1E4 /* PBXTargetDependency */ = {
			isa = PBXTargetDependency;
			target = 257F49DB1D9448920083B1E4 /* FilterCam */;
			targetProxy = 257F49FC1D9448920083B1E4 /* PBXContainerItemProxy */;
		};
		25CF4BE71D94EA6800D779CF /* PBXTargetDependency */ = {
			isa = PBXTargetDependency;
			name = GPUImage;
			targetProxy = 25CF4BE61D94EA6800D779CF /* PBXContainerItemProxy */;
		};
/* End PBXTargetDependency section */

/* Begin PBXVariantGroup section */
		257F49E31D9448920083B1E4 /* Main.storyboard */ = {
			isa = PBXVariantGroup;
			children = (
				257F49E41D9448920083B1E4 /* Base */,
			);
			name = Main.storyboard;
			sourceTree = "<group>";
		};
		257F49E81D9448920083B1E4 /* LaunchScreen.storyboard */ = {
			isa = PBXVariantGroup;
			children = (
				257F49E91D9448920083B1E4 /* Base */,
			);
			name = LaunchScreen.storyboard;
			sourceTree = "<group>";
		};
/* End PBXVariantGroup section */

/* Begin XCBuildConfiguration section */
		257F4A021D9448920083B1E4 /* Debug */ = {
			isa = XCBuildConfiguration;
			buildSettings = {
				ALWAYS_SEARCH_USER_PATHS = NO;
				CLANG_ANALYZER_NONNULL = YES;
				CLANG_CXX_LANGUAGE_STANDARD = "gnu++0x";
				CLANG_CXX_LIBRARY = "libc++";
				CLANG_ENABLE_MODULES = YES;
				CLANG_ENABLE_OBJC_ARC = YES;
				CLANG_WARN_BOOL_CONVERSION = YES;
				CLANG_WARN_CONSTANT_CONVERSION = YES;
				CLANG_WARN_DIRECT_OBJC_ISA_USAGE = YES_ERROR;
				CLANG_WARN_DOCUMENTATION_COMMENTS = YES;
				CLANG_WARN_EMPTY_BODY = YES;
				CLANG_WARN_ENUM_CONVERSION = YES;
				CLANG_WARN_INFINITE_RECURSION = YES;
				CLANG_WARN_INT_CONVERSION = YES;
				CLANG_WARN_OBJC_ROOT_CLASS = YES_ERROR;
				CLANG_WARN_SUSPICIOUS_MOVES = YES;
				CLANG_WARN_UNREACHABLE_CODE = YES;
				CLANG_WARN__DUPLICATE_METHOD_MATCH = YES;
				CODE_SIGN_IDENTITY = "iPhone Developer";
				"CODE_SIGN_IDENTITY[sdk=iphoneos*]" = "iPhone Developer";
				COPY_PHASE_STRIP = NO;
				DEBUG_INFORMATION_FORMAT = dwarf;
				ENABLE_STRICT_OBJC_MSGSEND = YES;
				ENABLE_TESTABILITY = YES;
				GCC_C_LANGUAGE_STANDARD = gnu99;
				GCC_DYNAMIC_NO_PIC = NO;
				GCC_NO_COMMON_BLOCKS = YES;
				GCC_OPTIMIZATION_LEVEL = 0;
				GCC_PREPROCESSOR_DEFINITIONS = (
					"DEBUG=1",
					"$(inherited)",
				);
				GCC_WARN_64_TO_32_BIT_CONVERSION = YES;
				GCC_WARN_ABOUT_RETURN_TYPE = YES_ERROR;
				GCC_WARN_UNDECLARED_SELECTOR = YES;
				GCC_WARN_UNINITIALIZED_AUTOS = YES_AGGRESSIVE;
				GCC_WARN_UNUSED_FUNCTION = YES;
				GCC_WARN_UNUSED_VARIABLE = YES;
				IPHONEOS_DEPLOYMENT_TARGET = 10.0;
				MTL_ENABLE_DEBUG_INFO = YES;
				ONLY_ACTIVE_ARCH = YES;
				SDKROOT = iphoneos;
				SWIFT_ACTIVE_COMPILATION_CONDITIONS = DEBUG;
				SWIFT_OPTIMIZATION_LEVEL = "-Onone";
				TARGETED_DEVICE_FAMILY = "1,2";
			};
			name = Debug;
		};
		257F4A031D9448920083B1E4 /* Release */ = {
			isa = XCBuildConfiguration;
			buildSettings = {
				ALWAYS_SEARCH_USER_PATHS = NO;
				CLANG_ANALYZER_NONNULL = YES;
				CLANG_CXX_LANGUAGE_STANDARD = "gnu++0x";
				CLANG_CXX_LIBRARY = "libc++";
				CLANG_ENABLE_MODULES = YES;
				CLANG_ENABLE_OBJC_ARC = YES;
				CLANG_WARN_BOOL_CONVERSION = YES;
				CLANG_WARN_CONSTANT_CONVERSION = YES;
				CLANG_WARN_DIRECT_OBJC_ISA_USAGE = YES_ERROR;
				CLANG_WARN_DOCUMENTATION_COMMENTS = YES;
				CLANG_WARN_EMPTY_BODY = YES;
				CLANG_WARN_ENUM_CONVERSION = YES;
				CLANG_WARN_INFINITE_RECURSION = YES;
				CLANG_WARN_INT_CONVERSION = YES;
				CLANG_WARN_OBJC_ROOT_CLASS = YES_ERROR;
				CLANG_WARN_SUSPICIOUS_MOVES = YES;
				CLANG_WARN_UNREACHABLE_CODE = YES;
				CLANG_WARN__DUPLICATE_METHOD_MATCH = YES;
				CODE_SIGN_IDENTITY = "iPhone Developer";
				"CODE_SIGN_IDENTITY[sdk=iphoneos*]" = "iPhone Developer";
				COPY_PHASE_STRIP = NO;
				DEBUG_INFORMATION_FORMAT = "dwarf-with-dsym";
				ENABLE_NS_ASSERTIONS = NO;
				ENABLE_STRICT_OBJC_MSGSEND = YES;
				GCC_C_LANGUAGE_STANDARD = gnu99;
				GCC_NO_COMMON_BLOCKS = YES;
				GCC_WARN_64_TO_32_BIT_CONVERSION = YES;
				GCC_WARN_ABOUT_RETURN_TYPE = YES_ERROR;
				GCC_WARN_UNDECLARED_SELECTOR = YES;
				GCC_WARN_UNINITIALIZED_AUTOS = YES_AGGRESSIVE;
				GCC_WARN_UNUSED_FUNCTION = YES;
				GCC_WARN_UNUSED_VARIABLE = YES;
				IPHONEOS_DEPLOYMENT_TARGET = 10.0;
				MTL_ENABLE_DEBUG_INFO = NO;
				SDKROOT = iphoneos;
				SWIFT_OPTIMIZATION_LEVEL = "-Owholemodule";
				TARGETED_DEVICE_FAMILY = "1,2";
				VALIDATE_PRODUCT = YES;
			};
			name = Release;
		};
		257F4A051D9448920083B1E4 /* Debug */ = {
			isa = XCBuildConfiguration;
			baseConfigurationReference = BC04C590E3C8A8781EA4978B /* Pods-FilterCam.debug.xcconfig */;
			buildSettings = {
				ASSETCATALOG_COMPILER_APPICON_NAME = AppIcon;
				CODE_SIGN_IDENTITY = "iPhone Developer";
				"CODE_SIGN_IDENTITY[sdk=iphoneos*]" = "iPhone Developer";
				DEVELOPMENT_TEAM = R27PD7337M;
				INFOPLIST_FILE = FilterCam/Info.plist;
				LD_RUNPATH_SEARCH_PATHS = "$(inherited) @executable_path/Frameworks";
				PRODUCT_BUNDLE_IDENTIFIER = com.nateemma.FilterCam;
				PRODUCT_NAME = "$(TARGET_NAME)";
				SWIFT_VERSION = 3.0;
			};
			name = Debug;
		};
		257F4A061D9448920083B1E4 /* Release */ = {
			isa = XCBuildConfiguration;
			baseConfigurationReference = 139F285AF8C5B2C24479BD32 /* Pods-FilterCam.release.xcconfig */;
			buildSettings = {
				ASSETCATALOG_COMPILER_APPICON_NAME = AppIcon;
				CODE_SIGN_IDENTITY = "iPhone Developer";
				"CODE_SIGN_IDENTITY[sdk=iphoneos*]" = "iPhone Developer";
				DEVELOPMENT_TEAM = R27PD7337M;
				INFOPLIST_FILE = FilterCam/Info.plist;
				LD_RUNPATH_SEARCH_PATHS = "$(inherited) @executable_path/Frameworks";
				PRODUCT_BUNDLE_IDENTIFIER = com.nateemma.FilterCam;
				PRODUCT_NAME = "$(TARGET_NAME)";
				SWIFT_VERSION = 3.0;
			};
			name = Release;
		};
		257F4A081D9448920083B1E4 /* Debug */ = {
			isa = XCBuildConfiguration;
			baseConfigurationReference = 5CEF3CB7DD1C04D9EBA3B1FD /* Pods-FilterCamTests.debug.xcconfig */;
			buildSettings = {
				ALWAYS_EMBED_SWIFT_STANDARD_LIBRARIES = YES;
				BUNDLE_LOADER = "$(TEST_HOST)";
				INFOPLIST_FILE = FilterCamTests/Info.plist;
				LD_RUNPATH_SEARCH_PATHS = "$(inherited) @executable_path/Frameworks @loader_path/Frameworks";
				PRODUCT_BUNDLE_IDENTIFIER = com.nateemma.FilterCamTests;
				PRODUCT_NAME = "$(TARGET_NAME)";
				SWIFT_VERSION = 3.0;
				TEST_HOST = "$(BUILT_PRODUCTS_DIR)/FilterCam.app/FilterCam";
			};
			name = Debug;
		};
		257F4A091D9448920083B1E4 /* Release */ = {
			isa = XCBuildConfiguration;
			baseConfigurationReference = 48EDC44D2D28292F9E9F3121 /* Pods-FilterCamTests.release.xcconfig */;
			buildSettings = {
				ALWAYS_EMBED_SWIFT_STANDARD_LIBRARIES = YES;
				BUNDLE_LOADER = "$(TEST_HOST)";
				INFOPLIST_FILE = FilterCamTests/Info.plist;
				LD_RUNPATH_SEARCH_PATHS = "$(inherited) @executable_path/Frameworks @loader_path/Frameworks";
				PRODUCT_BUNDLE_IDENTIFIER = com.nateemma.FilterCamTests;
				PRODUCT_NAME = "$(TARGET_NAME)";
				SWIFT_VERSION = 3.0;
				TEST_HOST = "$(BUILT_PRODUCTS_DIR)/FilterCam.app/FilterCam";
			};
			name = Release;
		};
		257F4A0B1D9448920083B1E4 /* Debug */ = {
			isa = XCBuildConfiguration;
			baseConfigurationReference = D4779EC8F7F18A442BA04162 /* Pods-FilterCamUITests.debug.xcconfig */;
			buildSettings = {
				ALWAYS_EMBED_SWIFT_STANDARD_LIBRARIES = YES;
				INFOPLIST_FILE = FilterCamUITests/Info.plist;
				LD_RUNPATH_SEARCH_PATHS = "$(inherited) @executable_path/Frameworks @loader_path/Frameworks";
				PRODUCT_BUNDLE_IDENTIFIER = com.nateemma.FilterCamUITests;
				PRODUCT_NAME = "$(TARGET_NAME)";
				SWIFT_VERSION = 3.0;
				TEST_TARGET_NAME = FilterCam;
			};
			name = Debug;
		};
		257F4A0C1D9448920083B1E4 /* Release */ = {
			isa = XCBuildConfiguration;
			baseConfigurationReference = 382358EB20863648A6D9C297 /* Pods-FilterCamUITests.release.xcconfig */;
			buildSettings = {
				ALWAYS_EMBED_SWIFT_STANDARD_LIBRARIES = YES;
				INFOPLIST_FILE = FilterCamUITests/Info.plist;
				LD_RUNPATH_SEARCH_PATHS = "$(inherited) @executable_path/Frameworks @loader_path/Frameworks";
				PRODUCT_BUNDLE_IDENTIFIER = com.nateemma.FilterCamUITests;
				PRODUCT_NAME = "$(TARGET_NAME)";
				SWIFT_VERSION = 3.0;
				TEST_TARGET_NAME = FilterCam;
			};
			name = Release;
		};
/* End XCBuildConfiguration section */

/* Begin XCConfigurationList section */
		257F49D71D9448920083B1E4 /* Build configuration list for PBXProject "FilterCam" */ = {
			isa = XCConfigurationList;
			buildConfigurations = (
				257F4A021D9448920083B1E4 /* Debug */,
				257F4A031D9448920083B1E4 /* Release */,
			);
			defaultConfigurationIsVisible = 0;
			defaultConfigurationName = Release;
		};
		257F4A041D9448920083B1E4 /* Build configuration list for PBXNativeTarget "FilterCam" */ = {
			isa = XCConfigurationList;
			buildConfigurations = (
				257F4A051D9448920083B1E4 /* Debug */,
				257F4A061D9448920083B1E4 /* Release */,
			);
			defaultConfigurationIsVisible = 0;
			defaultConfigurationName = Release;
		};
		257F4A071D9448920083B1E4 /* Build configuration list for PBXNativeTarget "FilterCamTests" */ = {
			isa = XCConfigurationList;
			buildConfigurations = (
				257F4A081D9448920083B1E4 /* Debug */,
				257F4A091D9448920083B1E4 /* Release */,
			);
			defaultConfigurationIsVisible = 0;
			defaultConfigurationName = Release;
		};
		257F4A0A1D9448920083B1E4 /* Build configuration list for PBXNativeTarget "FilterCamUITests" */ = {
			isa = XCConfigurationList;
			buildConfigurations = (
				257F4A0B1D9448920083B1E4 /* Debug */,
				257F4A0C1D9448920083B1E4 /* Release */,
			);
			defaultConfigurationIsVisible = 0;
			defaultConfigurationName = Release;
		};
/* End XCConfigurationList section */
	};
	rootObject = 257F49D41D9448920083B1E4 /* Project object */;
}
